
Microsoft Visual Studio Solution File, Format Version 12.00
# Visual Studio Version 16
VisualStudioVersion = 16.0.30517.126
MinimumVisualStudioVersion = 10.0.40219.1
Project("{FAE04EC0-301F-11D3-BF4B-00C04F79EFBC}") = "WPF-Calculator", "WPF-Calculator\WPF-Calculator.csproj", "{4140356B-A87D-4EEC-9DDF-4E9933BF8EEE}"
EndProject
Global
	GlobalSection(SolutionConfigurationPlatforms) = preSolution
		Debug|Any CPU = Debug|Any CPU
		Release|Any CPU = Release|Any CPU
	EndGlobalSection
	GlobalSection(ProjectConfigurationPlatforms) = postSolution
		{4140356B-A87D-4EEC-9DDF-4E9933BF8EEE}.Debug|Any CPU.ActiveCfg = Debug|Any CPU
		{4140356B-A87D-4EEC-9DDF-4E9933BF8EEE}.Debug|Any CPU.Build.0 = Debug|Any CPU
		{4140356B-A87D-4EEC-9DDF-4E9933BF8EEE}.Release|Any CPU.ActiveCfg = Release|Any CPU
		{4140356B-A87D-4EEC-9DDF-4E9933BF8EEE}.Release|Any CPU.Build.0 = Release|Any CPU
	EndGlobalSection
	GlobalSection(SolutionProperties) = preSolution
		HideSolutionNode = FALSE
	EndGlobalSection
	GlobalSection(ExtensibilityGlobals) = postSolution
		SolutionGuid = {562E95BF-71A5-40B3-9810-70E6039D9BEE}
	EndGlobalSection
EndGlobal
